// !$*UTF8*$!
{
	archiveVersion = 1;
	classes = {
	};
	objectVersion = 56;
	objects = {

/* Begin PBXBuildFile section */
		F63972D62D1849FB00107557 /* TabBarView.swift in Sources */ = {isa = PBXBuildFile; fileRef = F63972D52D1849F700107557 /* TabBarView.swift */; };
		F63972D82D184B5100107557 /* TabBarItem.swift in Sources */ = {isa = PBXBuildFile; fileRef = F63972D72D184B4E00107557 /* TabBarItem.swift */; };
		F63972DB2D184DDF00107557 /* HomeView.swift in Sources */ = {isa = PBXBuildFile; fileRef = F63972DA2D184DDD00107557 /* HomeView.swift */; };
		F63972DF2D18637500107557 /* KulturaSearchTextField.swift in Sources */ = {isa = PBXBuildFile; fileRef = F63972DE2D18636F00107557 /* KulturaSearchTextField.swift */; };
		F63972E12D18733F00107557 /* SectionView.swift in Sources */ = {isa = PBXBuildFile; fileRef = F63972E02D18733A00107557 /* SectionView.swift */; };
		F63972E32D18743200107557 /* HomeRestaurantCardView.swift in Sources */ = {isa = PBXBuildFile; fileRef = F63972E22D18741100107557 /* HomeRestaurantCardView.swift */; };
		F63972E62D18834A00107557 /* ProfileView.swift in Sources */ = {isa = PBXBuildFile; fileRef = F63972E52D18834600107557 /* ProfileView.swift */; };
		F63972E82D188C7600107557 /* ProfileHeaderView.swift in Sources */ = {isa = PBXBuildFile; fileRef = F63972E72D188C6F00107557 /* ProfileHeaderView.swift */; };
		F63972EB2D188E1300107557 /* EditProfileView.swift in Sources */ = {isa = PBXBuildFile; fileRef = F63972EA2D188E1000107557 /* EditProfileView.swift */; };
		F646787E2D178C3F00EBCBCA /* LoginViewModel.swift in Sources */ = {isa = PBXBuildFile; fileRef = F646787D2D178C3B00EBCBCA /* LoginViewModel.swift */; };
		F64678802D178E4F00EBCBCA /* KeyboardManager.swift in Sources */ = {isa = PBXBuildFile; fileRef = F646787F2D178E4800EBCBCA /* KeyboardManager.swift */; };
		F64678822D17929C00EBCBCA /* GradientBackground.swift in Sources */ = {isa = PBXBuildFile; fileRef = F64678812D17929B00EBCBCA /* GradientBackground.swift */; };
		F64678842D179A7800EBCBCA /* LoginConstants.swift in Sources */ = {isa = PBXBuildFile; fileRef = F64678832D179A7700EBCBCA /* LoginConstants.swift */; };
		F64678862D179AB200EBCBCA /* SocialButton.swift in Sources */ = {isa = PBXBuildFile; fileRef = F64678852D179AAD00EBCBCA /* SocialButton.swift */; };
		F64678882D179FB800EBCBCA /* SignupViewModel.swift in Sources */ = {isa = PBXBuildFile; fileRef = F64678872D179FAF00EBCBCA /* SignupViewModel.swift */; };
		F685F29F2D066DDB00090EBF /* KulturaApp.swift in Sources */ = {isa = PBXBuildFile; fileRef = F685F29E2D066DDB00090EBF /* KulturaApp.swift */; };
		F685F2A12D066DDB00090EBF /* ContentView.swift in Sources */ = {isa = PBXBuildFile; fileRef = F685F2A02D066DDB00090EBF /* ContentView.swift */; };
		F685F2A32D066DDD00090EBF /* Assets.xcassets in Resources */ = {isa = PBXBuildFile; fileRef = F685F2A22D066DDD00090EBF /* Assets.xcassets */; };
		F685F2A62D066DDD00090EBF /* Preview Assets.xcassets in Resources */ = {isa = PBXBuildFile; fileRef = F685F2A52D066DDD00090EBF /* Preview Assets.xcassets */; };
		F685F2B02D066DDD00090EBF /* KulturaTests.swift in Sources */ = {isa = PBXBuildFile; fileRef = F685F2AF2D066DDD00090EBF /* KulturaTests.swift */; };
		F685F2BA2D066DDD00090EBF /* KulturaUITests.swift in Sources */ = {isa = PBXBuildFile; fileRef = F685F2B92D066DDD00090EBF /* KulturaUITests.swift */; };
		F685F2BC2D066DDD00090EBF /* KulturaUITestsLaunchTests.swift in Sources */ = {isa = PBXBuildFile; fileRef = F685F2BB2D066DDD00090EBF /* KulturaUITestsLaunchTests.swift */; };
		F6BD9F9E2D170ECA008B920C /* OnboardingModel.swift in Sources */ = {isa = PBXBuildFile; fileRef = F6BD9F9D2D170EC7008B920C /* OnboardingModel.swift */; };
		F6BD9FA02D170ED4008B920C /* OnboardingViewModel.swift in Sources */ = {isa = PBXBuildFile; fileRef = F6BD9F9F2D170ECD008B920C /* OnboardingViewModel.swift */; };
		F6BD9FA22D170EDB008B920C /* OnboardingView.swift in Sources */ = {isa = PBXBuildFile; fileRef = F6BD9FA12D170ED8008B920C /* OnboardingView.swift */; };
		F6BD9FBB2D1710D1008B920C /* Poppins-MediumItalic.ttf in Resources */ = {isa = PBXBuildFile; fileRef = F6BD9FB42D1710D1008B920C /* Poppins-MediumItalic.ttf */; };
		F6BD9FBC2D1710D1008B920C /* Poppins-BlackItalic.ttf in Resources */ = {isa = PBXBuildFile; fileRef = F6BD9FA92D1710D1008B920C /* Poppins-BlackItalic.ttf */; };
		F6BD9FBD2D1710D1008B920C /* Poppins-LightItalic.ttf in Resources */ = {isa = PBXBuildFile; fileRef = F6BD9FB22D1710D1008B920C /* Poppins-LightItalic.ttf */; };
		F6BD9FBE2D1710D1008B920C /* Poppins-ExtraBoldItalic.ttf in Resources */ = {isa = PBXBuildFile; fileRef = F6BD9FAD2D1710D1008B920C /* Poppins-ExtraBoldItalic.ttf */; };
		F6BD9FBF2D1710D1008B920C /* Poppins-SemiBoldItalic.ttf in Resources */ = {isa = PBXBuildFile; fileRef = F6BD9FB72D1710D1008B920C /* Poppins-SemiBoldItalic.ttf */; };
		F6BD9FC02D1710D1008B920C /* Poppins-BoldItalic.ttf in Resources */ = {isa = PBXBuildFile; fileRef = F6BD9FAB2D1710D1008B920C /* Poppins-BoldItalic.ttf */; };
		F6BD9FC12D1710D1008B920C /* Poppins-Bold.ttf in Resources */ = {isa = PBXBuildFile; fileRef = F6BD9FAA2D1710D1008B920C /* Poppins-Bold.ttf */; };
		F6BD9FC22D1710D1008B920C /* Poppins-Italic.ttf in Resources */ = {isa = PBXBuildFile; fileRef = F6BD9FB02D1710D1008B920C /* Poppins-Italic.ttf */; };
		F6BD9FC32D1710D1008B920C /* Poppins-ExtraBold.ttf in Resources */ = {isa = PBXBuildFile; fileRef = F6BD9FAC2D1710D1008B920C /* Poppins-ExtraBold.ttf */; };
		F6BD9FC42D1710D1008B920C /* Poppins-Regular.ttf in Resources */ = {isa = PBXBuildFile; fileRef = F6BD9FB52D1710D1008B920C /* Poppins-Regular.ttf */; };
		F6BD9FC52D1710D1008B920C /* Poppins-Light.ttf in Resources */ = {isa = PBXBuildFile; fileRef = F6BD9FB12D1710D1008B920C /* Poppins-Light.ttf */; };
		F6BD9FC62D1710D1008B920C /* Poppins-SemiBold.ttf in Resources */ = {isa = PBXBuildFile; fileRef = F6BD9FB62D1710D1008B920C /* Poppins-SemiBold.ttf */; };
		F6BD9FC72D1710D1008B920C /* Poppins-Medium.ttf in Resources */ = {isa = PBXBuildFile; fileRef = F6BD9FB32D1710D1008B920C /* Poppins-Medium.ttf */; };
		F6BD9FC82D1710D1008B920C /* Poppins-ExtraLightItalic.ttf in Resources */ = {isa = PBXBuildFile; fileRef = F6BD9FAF2D1710D1008B920C /* Poppins-ExtraLightItalic.ttf */; };
		F6BD9FC92D1710D1008B920C /* Poppins-Thin.ttf in Resources */ = {isa = PBXBuildFile; fileRef = F6BD9FB82D1710D1008B920C /* Poppins-Thin.ttf */; };
		F6BD9FCA2D1710D1008B920C /* OFL.txt in Resources */ = {isa = PBXBuildFile; fileRef = F6BD9FA72D1710D1008B920C /* OFL.txt */; };
		F6BD9FCB2D1710D1008B920C /* Poppins-ThinItalic.ttf in Resources */ = {isa = PBXBuildFile; fileRef = F6BD9FB92D1710D1008B920C /* Poppins-ThinItalic.ttf */; };
		F6BD9FCC2D1710D1008B920C /* Poppins-ExtraLight.ttf in Resources */ = {isa = PBXBuildFile; fileRef = F6BD9FAE2D1710D1008B920C /* Poppins-ExtraLight.ttf */; };
		F6BD9FCD2D1710D1008B920C /* Poppins-Black.ttf in Resources */ = {isa = PBXBuildFile; fileRef = F6BD9FA82D1710D1008B920C /* Poppins-Black.ttf */; };
		F6BD9FD12D172C46008B920C /* AppCoordinator.swift in Sources */ = {isa = PBXBuildFile; fileRef = F6BD9FD02D172C45008B920C /* AppCoordinator.swift */; };
		F6BD9FD42D172C7D008B920C /* Coordinator.swift in Sources */ = {isa = PBXBuildFile; fileRef = F6BD9FD32D172C79008B920C /* Coordinator.swift */; };
		F6BD9FD62D172D3E008B920C /* OnboardingCoordinator.swift in Sources */ = {isa = PBXBuildFile; fileRef = F6BD9FD52D172D3D008B920C /* OnboardingCoordinator.swift */; };
		F6BD9FD92D172FE6008B920C /* LoginCoordinator.swift in Sources */ = {isa = PBXBuildFile; fileRef = F6BD9FD82D172FDE008B920C /* LoginCoordinator.swift */; };
		F6BD9FDB2D17300E008B920C /* LoginView.swift in Sources */ = {isa = PBXBuildFile; fileRef = F6BD9FDA2D173008008B920C /* LoginView.swift */; };
		F6BD9FDE2D17353E008B920C /* SignupView.swift in Sources */ = {isa = PBXBuildFile; fileRef = F6BD9FDD2D173530008B920C /* SignupView.swift */; };
		F6BD9FE02D17354C008B920C /* SignupCoordinator.swift in Sources */ = {isa = PBXBuildFile; fileRef = F6BD9FDF2D173548008B920C /* SignupCoordinator.swift */; };
		F6BD9FE32D173D7D008B920C /* CustomButton.swift in Sources */ = {isa = PBXBuildFile; fileRef = F6BD9FE22D173D7C008B920C /* CustomButton.swift */; };
		F6BD9FE62D176251008B920C /* AppFonts.swift in Sources */ = {isa = PBXBuildFile; fileRef = F6BD9FE52D176244008B920C /* AppFonts.swift */; };
		F6BD9FE82D176450008B920C /* CustomTextField.swift in Sources */ = {isa = PBXBuildFile; fileRef = F6BD9FE72D17644C008B920C /* CustomTextField.swift */; };
/* End PBXBuildFile section */

/* Begin PBXContainerItemProxy section */
		F685F2AC2D066DDD00090EBF /* PBXContainerItemProxy */ = {
			isa = PBXContainerItemProxy;
			containerPortal = F685F2932D066DDB00090EBF /* Project object */;
			proxyType = 1;
			remoteGlobalIDString = F685F29A2D066DDB00090EBF;
			remoteInfo = Kultura;
		};
		F685F2B62D066DDD00090EBF /* PBXContainerItemProxy */ = {
			isa = PBXContainerItemProxy;
			containerPortal = F685F2932D066DDB00090EBF /* Project object */;
			proxyType = 1;
			remoteGlobalIDString = F685F29A2D066DDB00090EBF;
			remoteInfo = Kultura;
		};
/* End PBXContainerItemProxy section */

/* Begin PBXFileReference section */
		F63972D52D1849F700107557 /* TabBarView.swift */ = {isa = PBXFileReference; lastKnownFileType = sourcecode.swift; path = TabBarView.swift; sourceTree = "<group>"; };
		F63972D72D184B4E00107557 /* TabBarItem.swift */ = {isa = PBXFileReference; lastKnownFileType = sourcecode.swift; path = TabBarItem.swift; sourceTree = "<group>"; };
		F63972DA2D184DDD00107557 /* HomeView.swift */ = {isa = PBXFileReference; lastKnownFileType = sourcecode.swift; path = HomeView.swift; sourceTree = "<group>"; };
		F63972DE2D18636F00107557 /* KulturaSearchTextField.swift */ = {isa = PBXFileReference; lastKnownFileType = sourcecode.swift; path = KulturaSearchTextField.swift; sourceTree = "<group>"; };
		F63972E02D18733A00107557 /* SectionView.swift */ = {isa = PBXFileReference; lastKnownFileType = sourcecode.swift; path = SectionView.swift; sourceTree = "<group>"; };
		F63972E22D18741100107557 /* HomeRestaurantCardView.swift */ = {isa = PBXFileReference; lastKnownFileType = sourcecode.swift; path = HomeRestaurantCardView.swift; sourceTree = "<group>"; };
		F63972E52D18834600107557 /* ProfileView.swift */ = {isa = PBXFileReference; lastKnownFileType = sourcecode.swift; path = ProfileView.swift; sourceTree = "<group>"; };
		F63972E72D188C6F00107557 /* ProfileHeaderView.swift */ = {isa = PBXFileReference; lastKnownFileType = sourcecode.swift; path = ProfileHeaderView.swift; sourceTree = "<group>"; };
		F63972EA2D188E1000107557 /* EditProfileView.swift */ = {isa = PBXFileReference; lastKnownFileType = sourcecode.swift; path = EditProfileView.swift; sourceTree = "<group>"; };
		F646787D2D178C3B00EBCBCA /* LoginViewModel.swift */ = {isa = PBXFileReference; lastKnownFileType = sourcecode.swift; path = LoginViewModel.swift; sourceTree = "<group>"; };
		F646787F2D178E4800EBCBCA /* KeyboardManager.swift */ = {isa = PBXFileReference; lastKnownFileType = sourcecode.swift; path = KeyboardManager.swift; sourceTree = "<group>"; };
		F64678812D17929B00EBCBCA /* GradientBackground.swift */ = {isa = PBXFileReference; lastKnownFileType = sourcecode.swift; path = GradientBackground.swift; sourceTree = "<group>"; };
		F64678832D179A7700EBCBCA /* LoginConstants.swift */ = {isa = PBXFileReference; lastKnownFileType = sourcecode.swift; path = LoginConstants.swift; sourceTree = "<group>"; };
		F64678852D179AAD00EBCBCA /* SocialButton.swift */ = {isa = PBXFileReference; lastKnownFileType = sourcecode.swift; path = SocialButton.swift; sourceTree = "<group>"; };
		F64678872D179FAF00EBCBCA /* SignupViewModel.swift */ = {isa = PBXFileReference; lastKnownFileType = sourcecode.swift; path = SignupViewModel.swift; sourceTree = "<group>"; };
		F685F29B2D066DDB00090EBF /* Kultura.app */ = {isa = PBXFileReference; explicitFileType = wrapper.application; includeInIndex = 0; path = Kultura.app; sourceTree = BUILT_PRODUCTS_DIR; };
		F685F29E2D066DDB00090EBF /* KulturaApp.swift */ = {isa = PBXFileReference; lastKnownFileType = sourcecode.swift; path = KulturaApp.swift; sourceTree = "<group>"; };
		F685F2A02D066DDB00090EBF /* ContentView.swift */ = {isa = PBXFileReference; lastKnownFileType = sourcecode.swift; path = ContentView.swift; sourceTree = "<group>"; };
		F685F2A22D066DDD00090EBF /* Assets.xcassets */ = {isa = PBXFileReference; lastKnownFileType = folder.assetcatalog; path = Assets.xcassets; sourceTree = "<group>"; };
		F685F2A52D066DDD00090EBF /* Preview Assets.xcassets */ = {isa = PBXFileReference; lastKnownFileType = folder.assetcatalog; path = "Preview Assets.xcassets"; sourceTree = "<group>"; };
		F685F2AB2D066DDD00090EBF /* KulturaTests.xctest */ = {isa = PBXFileReference; explicitFileType = wrapper.cfbundle; includeInIndex = 0; path = KulturaTests.xctest; sourceTree = BUILT_PRODUCTS_DIR; };
		F685F2AF2D066DDD00090EBF /* KulturaTests.swift */ = {isa = PBXFileReference; lastKnownFileType = sourcecode.swift; path = KulturaTests.swift; sourceTree = "<group>"; };
		F685F2B52D066DDD00090EBF /* KulturaUITests.xctest */ = {isa = PBXFileReference; explicitFileType = wrapper.cfbundle; includeInIndex = 0; path = KulturaUITests.xctest; sourceTree = BUILT_PRODUCTS_DIR; };
		F685F2B92D066DDD00090EBF /* KulturaUITests.swift */ = {isa = PBXFileReference; lastKnownFileType = sourcecode.swift; path = KulturaUITests.swift; sourceTree = "<group>"; };
		F685F2BB2D066DDD00090EBF /* KulturaUITestsLaunchTests.swift */ = {isa = PBXFileReference; lastKnownFileType = sourcecode.swift; path = KulturaUITestsLaunchTests.swift; sourceTree = "<group>"; };
		F6BD9F9D2D170EC7008B920C /* OnboardingModel.swift */ = {isa = PBXFileReference; lastKnownFileType = sourcecode.swift; path = OnboardingModel.swift; sourceTree = "<group>"; };
		F6BD9F9F2D170ECD008B920C /* OnboardingViewModel.swift */ = {isa = PBXFileReference; lastKnownFileType = sourcecode.swift; path = OnboardingViewModel.swift; sourceTree = "<group>"; };
		F6BD9FA12D170ED8008B920C /* OnboardingView.swift */ = {isa = PBXFileReference; lastKnownFileType = sourcecode.swift; path = OnboardingView.swift; sourceTree = "<group>"; };
		F6BD9FA52D170FF5008B920C /* Info.plist */ = {isa = PBXFileReference; lastKnownFileType = text.plist.xml; path = Info.plist; sourceTree = "<group>"; };
		F6BD9FA72D1710D1008B920C /* OFL.txt */ = {isa = PBXFileReference; lastKnownFileType = text; path = OFL.txt; sourceTree = "<group>"; };
		F6BD9FA82D1710D1008B920C /* Poppins-Black.ttf */ = {isa = PBXFileReference; lastKnownFileType = file; path = "Poppins-Black.ttf"; sourceTree = "<group>"; };
		F6BD9FA92D1710D1008B920C /* Poppins-BlackItalic.ttf */ = {isa = PBXFileReference; lastKnownFileType = file; path = "Poppins-BlackItalic.ttf"; sourceTree = "<group>"; };
		F6BD9FAA2D1710D1008B920C /* Poppins-Bold.ttf */ = {isa = PBXFileReference; lastKnownFileType = file; path = "Poppins-Bold.ttf"; sourceTree = "<group>"; };
		F6BD9FAB2D1710D1008B920C /* Poppins-BoldItalic.ttf */ = {isa = PBXFileReference; lastKnownFileType = file; path = "Poppins-BoldItalic.ttf"; sourceTree = "<group>"; };
		F6BD9FAC2D1710D1008B920C /* Poppins-ExtraBold.ttf */ = {isa = PBXFileReference; lastKnownFileType = file; path = "Poppins-ExtraBold.ttf"; sourceTree = "<group>"; };
		F6BD9FAD2D1710D1008B920C /* Poppins-ExtraBoldItalic.ttf */ = {isa = PBXFileReference; lastKnownFileType = file; path = "Poppins-ExtraBoldItalic.ttf"; sourceTree = "<group>"; };
		F6BD9FAE2D1710D1008B920C /* Poppins-ExtraLight.ttf */ = {isa = PBXFileReference; lastKnownFileType = file; path = "Poppins-ExtraLight.ttf"; sourceTree = "<group>"; };
		F6BD9FAF2D1710D1008B920C /* Poppins-ExtraLightItalic.ttf */ = {isa = PBXFileReference; lastKnownFileType = file; path = "Poppins-ExtraLightItalic.ttf"; sourceTree = "<group>"; };
		F6BD9FB02D1710D1008B920C /* Poppins-Italic.ttf */ = {isa = PBXFileReference; lastKnownFileType = file; path = "Poppins-Italic.ttf"; sourceTree = "<group>"; };
		F6BD9FB12D1710D1008B920C /* Poppins-Light.ttf */ = {isa = PBXFileReference; lastKnownFileType = file; path = "Poppins-Light.ttf"; sourceTree = "<group>"; };
		F6BD9FB22D1710D1008B920C /* Poppins-LightItalic.ttf */ = {isa = PBXFileReference; lastKnownFileType = file; path = "Poppins-LightItalic.ttf"; sourceTree = "<group>"; };
		F6BD9FB32D1710D1008B920C /* Poppins-Medium.ttf */ = {isa = PBXFileReference; lastKnownFileType = file; path = "Poppins-Medium.ttf"; sourceTree = "<group>"; };
		F6BD9FB42D1710D1008B920C /* Poppins-MediumItalic.ttf */ = {isa = PBXFileReference; lastKnownFileType = file; path = "Poppins-MediumItalic.ttf"; sourceTree = "<group>"; };
		F6BD9FB52D1710D1008B920C /* Poppins-Regular.ttf */ = {isa = PBXFileReference; lastKnownFileType = file; path = "Poppins-Regular.ttf"; sourceTree = "<group>"; };
		F6BD9FB62D1710D1008B920C /* Poppins-SemiBold.ttf */ = {isa = PBXFileReference; lastKnownFileType = file; path = "Poppins-SemiBold.ttf"; sourceTree = "<group>"; };
		F6BD9FB72D1710D1008B920C /* Poppins-SemiBoldItalic.ttf */ = {isa = PBXFileReference; lastKnownFileType = file; path = "Poppins-SemiBoldItalic.ttf"; sourceTree = "<group>"; };
		F6BD9FB82D1710D1008B920C /* Poppins-Thin.ttf */ = {isa = PBXFileReference; lastKnownFileType = file; path = "Poppins-Thin.ttf"; sourceTree = "<group>"; };
		F6BD9FB92D1710D1008B920C /* Poppins-ThinItalic.ttf */ = {isa = PBXFileReference; lastKnownFileType = file; path = "Poppins-ThinItalic.ttf"; sourceTree = "<group>"; };
		F6BD9FD02D172C45008B920C /* AppCoordinator.swift */ = {isa = PBXFileReference; lastKnownFileType = sourcecode.swift; path = AppCoordinator.swift; sourceTree = "<group>"; };
		F6BD9FD32D172C79008B920C /* Coordinator.swift */ = {isa = PBXFileReference; lastKnownFileType = sourcecode.swift; path = Coordinator.swift; sourceTree = "<group>"; };
		F6BD9FD52D172D3D008B920C /* OnboardingCoordinator.swift */ = {isa = PBXFileReference; lastKnownFileType = sourcecode.swift; path = OnboardingCoordinator.swift; sourceTree = "<group>"; };
		F6BD9FD82D172FDE008B920C /* LoginCoordinator.swift */ = {isa = PBXFileReference; lastKnownFileType = sourcecode.swift; path = LoginCoordinator.swift; sourceTree = "<group>"; };
		F6BD9FDA2D173008008B920C /* LoginView.swift */ = {isa = PBXFileReference; lastKnownFileType = sourcecode.swift; path = LoginView.swift; sourceTree = "<group>"; };
		F6BD9FDD2D173530008B920C /* SignupView.swift */ = {isa = PBXFileReference; lastKnownFileType = sourcecode.swift; path = SignupView.swift; sourceTree = "<group>"; };
		F6BD9FDF2D173548008B920C /* SignupCoordinator.swift */ = {isa = PBXFileReference; lastKnownFileType = sourcecode.swift; path = SignupCoordinator.swift; sourceTree = "<group>"; };
		F6BD9FE22D173D7C008B920C /* CustomButton.swift */ = {isa = PBXFileReference; lastKnownFileType = sourcecode.swift; path = CustomButton.swift; sourceTree = "<group>"; };
		F6BD9FE52D176244008B920C /* AppFonts.swift */ = {isa = PBXFileReference; lastKnownFileType = sourcecode.swift; path = AppFonts.swift; sourceTree = "<group>"; };
		F6BD9FE72D17644C008B920C /* CustomTextField.swift */ = {isa = PBXFileReference; lastKnownFileType = sourcecode.swift; path = CustomTextField.swift; sourceTree = "<group>"; };
/* End PBXFileReference section */

/* Begin PBXFrameworksBuildPhase section */
		F685F2982D066DDB00090EBF /* Frameworks */ = {
			isa = PBXFrameworksBuildPhase;
			buildActionMask = 2147483647;
			files = (
			);
			runOnlyForDeploymentPostprocessing = 0;
		};
		F685F2A82D066DDD00090EBF /* Frameworks */ = {
			isa = PBXFrameworksBuildPhase;
			buildActionMask = 2147483647;
			files = (
			);
			runOnlyForDeploymentPostprocessing = 0;
		};
		F685F2B22D066DDD00090EBF /* Frameworks */ = {
			isa = PBXFrameworksBuildPhase;
			buildActionMask = 2147483647;
			files = (
			);
			runOnlyForDeploymentPostprocessing = 0;
		};
/* End PBXFrameworksBuildPhase section */

/* Begin PBXGroup section */
		F63972D42D1849EF00107557 /* Tabbar */ = {
			isa = PBXGroup;
			children = (
				F63972D72D184B4E00107557 /* TabBarItem.swift */,
				F63972D52D1849F700107557 /* TabBarView.swift */,
			);
			path = Tabbar;
			sourceTree = "<group>";
		};
		F63972D92D184DD900107557 /* Home */ = {
			isa = PBXGroup;
			children = (
				F63972E02D18733A00107557 /* SectionView.swift */,
				F63972DA2D184DDD00107557 /* HomeView.swift */,
			);
			path = Home;
			sourceTree = "<group>";
		};
		F63972E42D18833F00107557 /* Profile */ = {
			isa = PBXGroup;
			children = (
				F63972E72D188C6F00107557 /* ProfileHeaderView.swift */,
				F63972E52D18834600107557 /* ProfileView.swift */,
			);
			path = Profile;
			sourceTree = "<group>";
		};
		F63972E92D188DFD00107557 /* EditProfile */ = {
			isa = PBXGroup;
			children = (
				F63972EA2D188E1000107557 /* EditProfileView.swift */,
			);
			path = EditProfile;
			sourceTree = "<group>";
		};
		F685F2922D066DDB00090EBF = {
			isa = PBXGroup;
			children = (
				F685F29D2D066DDB00090EBF /* Kultura */,
				F685F2AE2D066DDD00090EBF /* KulturaTests */,
				F685F2B82D066DDD00090EBF /* KulturaUITests */,
				F685F29C2D066DDB00090EBF /* Products */,
			);
			sourceTree = "<group>";
		};
		F685F29C2D066DDB00090EBF /* Products */ = {
			isa = PBXGroup;
			children = (
				F685F29B2D066DDB00090EBF /* Kultura.app */,
				F685F2AB2D066DDD00090EBF /* KulturaTests.xctest */,
				F685F2B52D066DDD00090EBF /* KulturaUITests.xctest */,
			);
			name = Products;
			sourceTree = "<group>";
		};
		F685F29D2D066DDB00090EBF /* Kultura */ = {
			isa = PBXGroup;
			children = (
				F6BD9FA52D170FF5008B920C /* Info.plist */,
				F685F2C82D066EF400090EBF /* App */,
				F685F2C92D066EFA00090EBF /* Core */,
				F685F2CE2D066F2500090EBF /* Database */,
				F685F2CF2D066F2D00090EBF /* DI */,
				F685F2CA2D066EFF00090EBF /* Features */,
				F685F2CB2D066F0A00090EBF /* Navigation */,
				F685F2CC2D066F1400090EBF /* Network */,
				F685F2CD2D066F1B00090EBF /* Resources */,
			);
			path = Kultura;
			sourceTree = "<group>";
		};
		F685F2A42D066DDD00090EBF /* Preview Content */ = {
			isa = PBXGroup;
			children = (
				F685F2A52D066DDD00090EBF /* Preview Assets.xcassets */,
			);
			path = "Preview Content";
			sourceTree = "<group>";
		};
		F685F2AE2D066DDD00090EBF /* KulturaTests */ = {
			isa = PBXGroup;
			children = (
				F685F2AF2D066DDD00090EBF /* KulturaTests.swift */,
			);
			path = KulturaTests;
			sourceTree = "<group>";
		};
		F685F2B82D066DDD00090EBF /* KulturaUITests */ = {
			isa = PBXGroup;
			children = (
				F685F2B92D066DDD00090EBF /* KulturaUITests.swift */,
				F685F2BB2D066DDD00090EBF /* KulturaUITestsLaunchTests.swift */,
			);
			path = KulturaUITests;
			sourceTree = "<group>";
		};
		F685F2C82D066EF400090EBF /* App */ = {
			isa = PBXGroup;
			children = (
				F6BD9FD02D172C45008B920C /* AppCoordinator.swift */,
				F685F2A02D066DDB00090EBF /* ContentView.swift */,
				F685F29E2D066DDB00090EBF /* KulturaApp.swift */,
			);
			path = App;
			sourceTree = "<group>";
		};
		F685F2C92D066EFA00090EBF /* Core */ = {
			isa = PBXGroup;
			children = (
				F6BD9FE12D173D67008B920C /* Components */,
				F6BD9FD22D172C6B008B920C /* Protocols */,
				F685F2D32D066FE400090EBF /* Models */,
				F685F2D42D066FEB00090EBF /* ViewModels */,
				F685F2D52D066FF200090EBF /* Services */,
				F685F2D62D066FF700090EBF /* Utilities */,
				F685F2D72D066FFD00090EBF /* Managers */,
				F685F2D82D06700300090EBF /* Enums */,
			);
			path = Core;
			sourceTree = "<group>";
		};
		F685F2CA2D066EFF00090EBF /* Features */ = {
			isa = PBXGroup;
			children = (
				F63972E92D188DFD00107557 /* EditProfile */,
				F63972E42D18833F00107557 /* Profile */,
				F63972D92D184DD900107557 /* Home */,
				F63972D42D1849EF00107557 /* Tabbar */,
				F6BD9FDC2D173527008B920C /* Signup */,
				F6BD9FD72D172FCD008B920C /* Login */,
				F6BD9F9C2D170EAB008B920C /* Onboarding */,
			);
			path = Features;
			sourceTree = "<group>";
		};
		F685F2CB2D066F0A00090EBF /* Navigation */ = {
			isa = PBXGroup;
			children = (
				F685F2DE2D06708800090EBF /* FeatureCoordinators */,
			);
			path = Navigation;
			sourceTree = "<group>";
		};
		F685F2CC2D066F1400090EBF /* Network */ = {
			isa = PBXGroup;
			children = (
				F685F2D92D06704A00090EBF /* API */,
				F685F2DA2D06705000090EBF /* Repositories */,
			);
			path = Network;
			sourceTree = "<group>";
		};
		F685F2CD2D066F1B00090EBF /* Resources */ = {
			isa = PBXGroup;
			children = (
				F6BD9FA62D171009008B920C /* Fonts */,
				F685F2D02D066F7400090EBF /* Assets */,
				F685F2D12D066F7B00090EBF /* Localization */,
				F685F2D22D066F8100090EBF /* Themes */,
			);
			path = Resources;
			sourceTree = "<group>";
		};
		F685F2CE2D066F2500090EBF /* Database */ = {
			isa = PBXGroup;
			children = (
				F685F2DD2D06706D00090EBF /* DatabaseManager */,
				F685F2DC2D06706800090EBF /* Migrations */,
				F685F2DB2D06706100090EBF /* Entities */,
			);
			path = Database;
			sourceTree = "<group>";
		};
		F685F2CF2D066F2D00090EBF /* DI */ = {
			isa = PBXGroup;
			children = (
			);
			path = DI;
			sourceTree = "<group>";
		};
		F685F2D02D066F7400090EBF /* Assets */ = {
			isa = PBXGroup;
			children = (
				F685F2A42D066DDD00090EBF /* Preview Content */,
				F685F2A22D066DDD00090EBF /* Assets.xcassets */,
			);
			path = Assets;
			sourceTree = "<group>";
		};
		F685F2D12D066F7B00090EBF /* Localization */ = {
			isa = PBXGroup;
			children = (
			);
			path = Localization;
			sourceTree = "<group>";
		};
		F685F2D22D066F8100090EBF /* Themes */ = {
			isa = PBXGroup;
			children = (
			);
			path = Themes;
			sourceTree = "<group>";
		};
		F685F2D32D066FE400090EBF /* Models */ = {
			isa = PBXGroup;
			children = (
			);
			path = Models;
			sourceTree = "<group>";
		};
		F685F2D42D066FEB00090EBF /* ViewModels */ = {
			isa = PBXGroup;
			children = (
			);
			path = ViewModels;
			sourceTree = "<group>";
		};
		F685F2D52D066FF200090EBF /* Services */ = {
			isa = PBXGroup;
			children = (
			);
			path = Services;
			sourceTree = "<group>";
		};
		F685F2D62D066FF700090EBF /* Utilities */ = {
			isa = PBXGroup;
			children = (
				F64678832D179A7700EBCBCA /* LoginConstants.swift */,
				F6BD9FE42D176236008B920C /* Helpers */,
			);
			path = Utilities;
			sourceTree = "<group>";
		};
		F685F2D72D066FFD00090EBF /* Managers */ = {
			isa = PBXGroup;
			children = (
				F646787F2D178E4800EBCBCA /* KeyboardManager.swift */,
			);
			path = Managers;
			sourceTree = "<group>";
		};
		F685F2D82D06700300090EBF /* Enums */ = {
			isa = PBXGroup;
			children = (
			);
			path = Enums;
			sourceTree = "<group>";
		};
		F685F2D92D06704A00090EBF /* API */ = {
			isa = PBXGroup;
			children = (
			);
			path = API;
			sourceTree = "<group>";
		};
		F685F2DA2D06705000090EBF /* Repositories */ = {
			isa = PBXGroup;
			children = (
			);
			path = Repositories;
			sourceTree = "<group>";
		};
		F685F2DB2D06706100090EBF /* Entities */ = {
			isa = PBXGroup;
			children = (
			);
			path = Entities;
			sourceTree = "<group>";
		};
		F685F2DC2D06706800090EBF /* Migrations */ = {
			isa = PBXGroup;
			children = (
			);
			path = Migrations;
			sourceTree = "<group>";
		};
		F685F2DD2D06706D00090EBF /* DatabaseManager */ = {
			isa = PBXGroup;
			children = (
			);
			path = DatabaseManager;
			sourceTree = "<group>";
		};
		F685F2DE2D06708800090EBF /* FeatureCoordinators */ = {
			isa = PBXGroup;
			children = (
			);
			path = FeatureCoordinators;
			sourceTree = "<group>";
		};
		F6BD9F9C2D170EAB008B920C /* Onboarding */ = {
			isa = PBXGroup;
			children = (
				F6BD9FD52D172D3D008B920C /* OnboardingCoordinator.swift */,
				F6BD9FA12D170ED8008B920C /* OnboardingView.swift */,
				F6BD9F9F2D170ECD008B920C /* OnboardingViewModel.swift */,
				F6BD9F9D2D170EC7008B920C /* OnboardingModel.swift */,
			);
			path = Onboarding;
			sourceTree = "<group>";
		};
		F6BD9FA62D171009008B920C /* Fonts */ = {
			isa = PBXGroup;
			children = (
				F6BD9FBA2D1710D1008B920C /* Poppins */,
			);
			path = Fonts;
			sourceTree = "<group>";
		};
		F6BD9FBA2D1710D1008B920C /* Poppins */ = {
			isa = PBXGroup;
			children = (
				F6BD9FA72D1710D1008B920C /* OFL.txt */,
				F6BD9FA82D1710D1008B920C /* Poppins-Black.ttf */,
				F6BD9FA92D1710D1008B920C /* Poppins-BlackItalic.ttf */,
				F6BD9FAA2D1710D1008B920C /* Poppins-Bold.ttf */,
				F6BD9FAB2D1710D1008B920C /* Poppins-BoldItalic.ttf */,
				F6BD9FAC2D1710D1008B920C /* Poppins-ExtraBold.ttf */,
				F6BD9FAD2D1710D1008B920C /* Poppins-ExtraBoldItalic.ttf */,
				F6BD9FAE2D1710D1008B920C /* Poppins-ExtraLight.ttf */,
				F6BD9FAF2D1710D1008B920C /* Poppins-ExtraLightItalic.ttf */,
				F6BD9FB02D1710D1008B920C /* Poppins-Italic.ttf */,
				F6BD9FB12D1710D1008B920C /* Poppins-Light.ttf */,
				F6BD9FB22D1710D1008B920C /* Poppins-LightItalic.ttf */,
				F6BD9FB32D1710D1008B920C /* Poppins-Medium.ttf */,
				F6BD9FB42D1710D1008B920C /* Poppins-MediumItalic.ttf */,
				F6BD9FB52D1710D1008B920C /* Poppins-Regular.ttf */,
				F6BD9FB62D1710D1008B920C /* Poppins-SemiBold.ttf */,
				F6BD9FB72D1710D1008B920C /* Poppins-SemiBoldItalic.ttf */,
				F6BD9FB82D1710D1008B920C /* Poppins-Thin.ttf */,
				F6BD9FB92D1710D1008B920C /* Poppins-ThinItalic.ttf */,
			);
			path = Poppins;
			sourceTree = "<group>";
		};
		F6BD9FD22D172C6B008B920C /* Protocols */ = {
			isa = PBXGroup;
			children = (
				F6BD9FD32D172C79008B920C /* Coordinator.swift */,
			);
			path = Protocols;
			sourceTree = "<group>";
		};
		F6BD9FD72D172FCD008B920C /* Login */ = {
			isa = PBXGroup;
			children = (
				F646787D2D178C3B00EBCBCA /* LoginViewModel.swift */,
				F6BD9FDA2D173008008B920C /* LoginView.swift */,
				F6BD9FD82D172FDE008B920C /* LoginCoordinator.swift */,
			);
			path = Login;
			sourceTree = "<group>";
		};
		F6BD9FDC2D173527008B920C /* Signup */ = {
			isa = PBXGroup;
			children = (
				F64678872D179FAF00EBCBCA /* SignupViewModel.swift */,
				F6BD9FDF2D173548008B920C /* SignupCoordinator.swift */,
				F6BD9FDD2D173530008B920C /* SignupView.swift */,
			);
			path = Signup;
			sourceTree = "<group>";
		};
		F6BD9FE12D173D67008B920C /* Components */ = {
			isa = PBXGroup;
			children = (
				F63972E22D18741100107557 /* HomeRestaurantCardView.swift */,
				F63972DE2D18636F00107557 /* KulturaSearchTextField.swift */,
				F64678852D179AAD00EBCBCA /* SocialButton.swift */,
				F64678812D17929B00EBCBCA /* GradientBackground.swift */,
				F6BD9FE72D17644C008B920C /* CustomTextField.swift */,
				F6BD9FE22D173D7C008B920C /* CustomButton.swift */,
			);
			path = Components;
			sourceTree = "<group>";
		};
		F6BD9FE42D176236008B920C /* Helpers */ = {
			isa = PBXGroup;
			children = (
				F6BD9FE52D176244008B920C /* AppFonts.swift */,
			);
			path = Helpers;
			sourceTree = "<group>";
		};
/* End PBXGroup section */

/* Begin PBXNativeTarget section */
		F685F29A2D066DDB00090EBF /* Kultura */ = {
			isa = PBXNativeTarget;
			buildConfigurationList = F685F2BF2D066DDD00090EBF /* Build configuration list for PBXNativeTarget "Kultura" */;
			buildPhases = (
				F685F2972D066DDB00090EBF /* Sources */,
				F685F2982D066DDB00090EBF /* Frameworks */,
				F685F2992D066DDB00090EBF /* Resources */,
			);
			buildRules = (
			);
			dependencies = (
			);
			name = Kultura;
			productName = Kultura;
			productReference = F685F29B2D066DDB00090EBF /* Kultura.app */;
			productType = "com.apple.product-type.application";
		};
		F685F2AA2D066DDD00090EBF /* KulturaTests */ = {
			isa = PBXNativeTarget;
			buildConfigurationList = F685F2C22D066DDD00090EBF /* Build configuration list for PBXNativeTarget "KulturaTests" */;
			buildPhases = (
				F685F2A72D066DDD00090EBF /* Sources */,
				F685F2A82D066DDD00090EBF /* Frameworks */,
				F685F2A92D066DDD00090EBF /* Resources */,
			);
			buildRules = (
			);
			dependencies = (
				F685F2AD2D066DDD00090EBF /* PBXTargetDependency */,
			);
			name = KulturaTests;
			productName = KulturaTests;
			productReference = F685F2AB2D066DDD00090EBF /* KulturaTests.xctest */;
			productType = "com.apple.product-type.bundle.unit-test";
		};
		F685F2B42D066DDD00090EBF /* KulturaUITests */ = {
			isa = PBXNativeTarget;
			buildConfigurationList = F685F2C52D066DDD00090EBF /* Build configuration list for PBXNativeTarget "KulturaUITests" */;
			buildPhases = (
				F685F2B12D066DDD00090EBF /* Sources */,
				F685F2B22D066DDD00090EBF /* Frameworks */,
				F685F2B32D066DDD00090EBF /* Resources */,
			);
			buildRules = (
			);
			dependencies = (
				F685F2B72D066DDD00090EBF /* PBXTargetDependency */,
			);
			name = KulturaUITests;
			productName = KulturaUITests;
			productReference = F685F2B52D066DDD00090EBF /* KulturaUITests.xctest */;
			productType = "com.apple.product-type.bundle.ui-testing";
		};
/* End PBXNativeTarget section */

/* Begin PBXProject section */
		F685F2932D066DDB00090EBF /* Project object */ = {
			isa = PBXProject;
			attributes = {
				BuildIndependentTargetsInParallel = 1;
				LastSwiftUpdateCheck = 1540;
				LastUpgradeCheck = 1540;
				TargetAttributes = {
					F685F29A2D066DDB00090EBF = {
						CreatedOnToolsVersion = 15.4;
					};
					F685F2AA2D066DDD00090EBF = {
						CreatedOnToolsVersion = 15.4;
						TestTargetID = F685F29A2D066DDB00090EBF;
					};
					F685F2B42D066DDD00090EBF = {
						CreatedOnToolsVersion = 15.4;
						TestTargetID = F685F29A2D066DDB00090EBF;
					};
				};
			};
			buildConfigurationList = F685F2962D066DDB00090EBF /* Build configuration list for PBXProject "Kultura" */;
			compatibilityVersion = "Xcode 14.0";
			developmentRegion = en;
			hasScannedForEncodings = 0;
			knownRegions = (
				en,
				Base,
			);
			mainGroup = F685F2922D066DDB00090EBF;
			productRefGroup = F685F29C2D066DDB00090EBF /* Products */;
			projectDirPath = "";
			projectRoot = "";
			targets = (
				F685F29A2D066DDB00090EBF /* Kultura */,
				F685F2AA2D066DDD00090EBF /* KulturaTests */,
				F685F2B42D066DDD00090EBF /* KulturaUITests */,
			);
		};
/* End PBXProject section */

/* Begin PBXResourcesBuildPhase section */
		F685F2992D066DDB00090EBF /* Resources */ = {
			isa = PBXResourcesBuildPhase;
			buildActionMask = 2147483647;
			files = (
				F685F2A62D066DDD00090EBF /* Preview Assets.xcassets in Resources */,
				F685F2A32D066DDD00090EBF /* Assets.xcassets in Resources */,
				F6BD9FBB2D1710D1008B920C /* Poppins-MediumItalic.ttf in Resources */,
				F6BD9FBC2D1710D1008B920C /* Poppins-BlackItalic.ttf in Resources */,
				F6BD9FBD2D1710D1008B920C /* Poppins-LightItalic.ttf in Resources */,
				F6BD9FBE2D1710D1008B920C /* Poppins-ExtraBoldItalic.ttf in Resources */,
				F6BD9FBF2D1710D1008B920C /* Poppins-SemiBoldItalic.ttf in Resources */,
				F6BD9FC02D1710D1008B920C /* Poppins-BoldItalic.ttf in Resources */,
				F6BD9FC12D1710D1008B920C /* Poppins-Bold.ttf in Resources */,
				F6BD9FC22D1710D1008B920C /* Poppins-Italic.ttf in Resources */,
				F6BD9FC32D1710D1008B920C /* Poppins-ExtraBold.ttf in Resources */,
				F6BD9FC42D1710D1008B920C /* Poppins-Regular.ttf in Resources */,
				F6BD9FC52D1710D1008B920C /* Poppins-Light.ttf in Resources */,
				F6BD9FC62D1710D1008B920C /* Poppins-SemiBold.ttf in Resources */,
				F6BD9FC72D1710D1008B920C /* Poppins-Medium.ttf in Resources */,
				F6BD9FC82D1710D1008B920C /* Poppins-ExtraLightItalic.ttf in Resources */,
				F6BD9FC92D1710D1008B920C /* Poppins-Thin.ttf in Resources */,
				F6BD9FCA2D1710D1008B920C /* OFL.txt in Resources */,
				F6BD9FCB2D1710D1008B920C /* Poppins-ThinItalic.ttf in Resources */,
				F6BD9FCC2D1710D1008B920C /* Poppins-ExtraLight.ttf in Resources */,
				F6BD9FCD2D1710D1008B920C /* Poppins-Black.ttf in Resources */,
			);
			runOnlyForDeploymentPostprocessing = 0;
		};
		F685F2A92D066DDD00090EBF /* Resources */ = {
			isa = PBXResourcesBuildPhase;
			buildActionMask = 2147483647;
			files = (
			);
			runOnlyForDeploymentPostprocessing = 0;
		};
		F685F2B32D066DDD00090EBF /* Resources */ = {
			isa = PBXResourcesBuildPhase;
			buildActionMask = 2147483647;
			files = (
			);
			runOnlyForDeploymentPostprocessing = 0;
		};
/* End PBXResourcesBuildPhase section */

/* Begin PBXSourcesBuildPhase section */
		F685F2972D066DDB00090EBF /* Sources */ = {
			isa = PBXSourcesBuildPhase;
			buildActionMask = 2147483647;
			files = (
				F63972EB2D188E1300107557 /* EditProfileView.swift in Sources */,
				F6BD9FE32D173D7D008B920C /* CustomButton.swift in Sources */,
				F6BD9FD12D172C46008B920C /* AppCoordinator.swift in Sources */,
				F6BD9FE62D176251008B920C /* AppFonts.swift in Sources */,
				F64678882D179FB800EBCBCA /* SignupViewModel.swift in Sources */,
				F64678802D178E4F00EBCBCA /* KeyboardManager.swift in Sources */,
				F63972DF2D18637500107557 /* KulturaSearchTextField.swift in Sources */,
				F63972D82D184B5100107557 /* TabBarItem.swift in Sources */,
				F685F2A12D066DDB00090EBF /* ContentView.swift in Sources */,
				F63972E12D18733F00107557 /* SectionView.swift in Sources */,
				F646787E2D178C3F00EBCBCA /* LoginViewModel.swift in Sources */,
				F685F29F2D066DDB00090EBF /* KulturaApp.swift in Sources */,
				F6BD9F9E2D170ECA008B920C /* OnboardingModel.swift in Sources */,
				F63972E62D18834A00107557 /* ProfileView.swift in Sources */,
				F6BD9FE02D17354C008B920C /* SignupCoordinator.swift in Sources */,
				F6BD9FA22D170EDB008B920C /* OnboardingView.swift in Sources */,
				F63972E82D188C7600107557 /* ProfileHeaderView.swift in Sources */,
				F6BD9FD62D172D3E008B920C /* OnboardingCoordinator.swift in Sources */,
				F63972D62D1849FB00107557 /* TabBarView.swift in Sources */,
				F6BD9FD92D172FE6008B920C /* LoginCoordinator.swift in Sources */,
				F64678862D179AB200EBCBCA /* SocialButton.swift in Sources */,
				F6BD9FA02D170ED4008B920C /* OnboardingViewModel.swift in Sources */,
				F64678842D179A7800EBCBCA /* LoginConstants.swift in Sources */,
				F64678822D17929C00EBCBCA /* GradientBackground.swift in Sources */,
				F6BD9FDB2D17300E008B920C /* LoginView.swift in Sources */,
				F6BD9FDE2D17353E008B920C /* SignupView.swift in Sources */,
				F63972DB2D184DDF00107557 /* HomeView.swift in Sources */,
				F63972E32D18743200107557 /* HomeRestaurantCardView.swift in Sources */,
				F6BD9FD42D172C7D008B920C /* Coordinator.swift in Sources */,
				F6BD9FE82D176450008B920C /* CustomTextField.swift in Sources */,
			);
			runOnlyForDeploymentPostprocessing = 0;
		};
		F685F2A72D066DDD00090EBF /* Sources */ = {
			isa = PBXSourcesBuildPhase;
			buildActionMask = 2147483647;
			files = (
				F685F2B02D066DDD00090EBF /* KulturaTests.swift in Sources */,
			);
			runOnlyForDeploymentPostprocessing = 0;
		};
		F685F2B12D066DDD00090EBF /* Sources */ = {
			isa = PBXSourcesBuildPhase;
			buildActionMask = 2147483647;
			files = (
				F685F2BA2D066DDD00090EBF /* KulturaUITests.swift in Sources */,
				F685F2BC2D066DDD00090EBF /* KulturaUITestsLaunchTests.swift in Sources */,
			);
			runOnlyForDeploymentPostprocessing = 0;
		};
/* End PBXSourcesBuildPhase section */

/* Begin PBXTargetDependency section */
		F685F2AD2D066DDD00090EBF /* PBXTargetDependency */ = {
			isa = PBXTargetDependency;
			target = F685F29A2D066DDB00090EBF /* Kultura */;
			targetProxy = F685F2AC2D066DDD00090EBF /* PBXContainerItemProxy */;
		};
		F685F2B72D066DDD00090EBF /* PBXTargetDependency */ = {
			isa = PBXTargetDependency;
			target = F685F29A2D066DDB00090EBF /* Kultura */;
			targetProxy = F685F2B62D066DDD00090EBF /* PBXContainerItemProxy */;
		};
/* End PBXTargetDependency section */

/* Begin XCBuildConfiguration section */
		F685F2BD2D066DDD00090EBF /* Debug */ = {
			isa = XCBuildConfiguration;
			buildSettings = {
				ALWAYS_SEARCH_USER_PATHS = NO;
				ASSETCATALOG_COMPILER_GENERATE_SWIFT_ASSET_SYMBOL_EXTENSIONS = YES;
				CLANG_ANALYZER_NONNULL = YES;
				CLANG_ANALYZER_NUMBER_OBJECT_CONVERSION = YES_AGGRESSIVE;
				CLANG_CXX_LANGUAGE_STANDARD = "gnu++20";
				CLANG_ENABLE_MODULES = YES;
				CLANG_ENABLE_OBJC_ARC = YES;
				CLANG_ENABLE_OBJC_WEAK = YES;
				CLANG_WARN_BLOCK_CAPTURE_AUTORELEASING = YES;
				CLANG_WARN_BOOL_CONVERSION = YES;
				CLANG_WARN_COMMA = YES;
				CLANG_WARN_CONSTANT_CONVERSION = YES;
				CLANG_WARN_DEPRECATED_OBJC_IMPLEMENTATIONS = YES;
				CLANG_WARN_DIRECT_OBJC_ISA_USAGE = YES_ERROR;
				CLANG_WARN_DOCUMENTATION_COMMENTS = YES;
				CLANG_WARN_EMPTY_BODY = YES;
				CLANG_WARN_ENUM_CONVERSION = YES;
				CLANG_WARN_INFINITE_RECURSION = YES;
				CLANG_WARN_INT_CONVERSION = YES;
				CLANG_WARN_NON_LITERAL_NULL_CONVERSION = YES;
				CLANG_WARN_OBJC_IMPLICIT_RETAIN_SELF = YES;
				CLANG_WARN_OBJC_LITERAL_CONVERSION = YES;
				CLANG_WARN_OBJC_ROOT_CLASS = YES_ERROR;
				CLANG_WARN_QUOTED_INCLUDE_IN_FRAMEWORK_HEADER = YES;
				CLANG_WARN_RANGE_LOOP_ANALYSIS = YES;
				CLANG_WARN_STRICT_PROTOTYPES = YES;
				CLANG_WARN_SUSPICIOUS_MOVE = YES;
				CLANG_WARN_UNGUARDED_AVAILABILITY = YES_AGGRESSIVE;
				CLANG_WARN_UNREACHABLE_CODE = YES;
				CLANG_WARN__DUPLICATE_METHOD_MATCH = YES;
				COPY_PHASE_STRIP = NO;
				DEBUG_INFORMATION_FORMAT = dwarf;
				ENABLE_STRICT_OBJC_MSGSEND = YES;
				ENABLE_TESTABILITY = YES;
				ENABLE_USER_SCRIPT_SANDBOXING = YES;
				GCC_C_LANGUAGE_STANDARD = gnu17;
				GCC_DYNAMIC_NO_PIC = NO;
				GCC_NO_COMMON_BLOCKS = YES;
				GCC_OPTIMIZATION_LEVEL = 0;
				GCC_PREPROCESSOR_DEFINITIONS = (
					"DEBUG=1",
					"$(inherited)",
				);
				GCC_WARN_64_TO_32_BIT_CONVERSION = YES;
				GCC_WARN_ABOUT_RETURN_TYPE = YES_ERROR;
				GCC_WARN_UNDECLARED_SELECTOR = YES;
				GCC_WARN_UNINITIALIZED_AUTOS = YES_AGGRESSIVE;
				GCC_WARN_UNUSED_FUNCTION = YES;
				GCC_WARN_UNUSED_VARIABLE = YES;
				IPHONEOS_DEPLOYMENT_TARGET = 17.5;
				LOCALIZATION_PREFERS_STRING_CATALOGS = YES;
				MTL_ENABLE_DEBUG_INFO = INCLUDE_SOURCE;
				MTL_FAST_MATH = YES;
				ONLY_ACTIVE_ARCH = YES;
				SDKROOT = iphoneos;
				SWIFT_ACTIVE_COMPILATION_CONDITIONS = "DEBUG $(inherited)";
				SWIFT_OPTIMIZATION_LEVEL = "-Onone";
			};
			name = Debug;
		};
		F685F2BE2D066DDD00090EBF /* Release */ = {
			isa = XCBuildConfiguration;
			buildSettings = {
				ALWAYS_SEARCH_USER_PATHS = NO;
				ASSETCATALOG_COMPILER_GENERATE_SWIFT_ASSET_SYMBOL_EXTENSIONS = YES;
				CLANG_ANALYZER_NONNULL = YES;
				CLANG_ANALYZER_NUMBER_OBJECT_CONVERSION = YES_AGGRESSIVE;
				CLANG_CXX_LANGUAGE_STANDARD = "gnu++20";
				CLANG_ENABLE_MODULES = YES;
				CLANG_ENABLE_OBJC_ARC = YES;
				CLANG_ENABLE_OBJC_WEAK = YES;
				CLANG_WARN_BLOCK_CAPTURE_AUTORELEASING = YES;
				CLANG_WARN_BOOL_CONVERSION = YES;
				CLANG_WARN_COMMA = YES;
				CLANG_WARN_CONSTANT_CONVERSION = YES;
				CLANG_WARN_DEPRECATED_OBJC_IMPLEMENTATIONS = YES;
				CLANG_WARN_DIRECT_OBJC_ISA_USAGE = YES_ERROR;
				CLANG_WARN_DOCUMENTATION_COMMENTS = YES;
				CLANG_WARN_EMPTY_BODY = YES;
				CLANG_WARN_ENUM_CONVERSION = YES;
				CLANG_WARN_INFINITE_RECURSION = YES;
				CLANG_WARN_INT_CONVERSION = YES;
				CLANG_WARN_NON_LITERAL_NULL_CONVERSION = YES;
				CLANG_WARN_OBJC_IMPLICIT_RETAIN_SELF = YES;
				CLANG_WARN_OBJC_LITERAL_CONVERSION = YES;
				CLANG_WARN_OBJC_ROOT_CLASS = YES_ERROR;
				CLANG_WARN_QUOTED_INCLUDE_IN_FRAMEWORK_HEADER = YES;
				CLANG_WARN_RANGE_LOOP_ANALYSIS = YES;
				CLANG_WARN_STRICT_PROTOTYPES = YES;
				CLANG_WARN_SUSPICIOUS_MOVE = YES;
				CLANG_WARN_UNGUARDED_AVAILABILITY = YES_AGGRESSIVE;
				CLANG_WARN_UNREACHABLE_CODE = YES;
				CLANG_WARN__DUPLICATE_METHOD_MATCH = YES;
				COPY_PHASE_STRIP = NO;
				DEBUG_INFORMATION_FORMAT = "dwarf-with-dsym";
				ENABLE_NS_ASSERTIONS = NO;
				ENABLE_STRICT_OBJC_MSGSEND = YES;
				ENABLE_USER_SCRIPT_SANDBOXING = YES;
				GCC_C_LANGUAGE_STANDARD = gnu17;
				GCC_NO_COMMON_BLOCKS = YES;
				GCC_WARN_64_TO_32_BIT_CONVERSION = YES;
				GCC_WARN_ABOUT_RETURN_TYPE = YES_ERROR;
				GCC_WARN_UNDECLARED_SELECTOR = YES;
				GCC_WARN_UNINITIALIZED_AUTOS = YES_AGGRESSIVE;
				GCC_WARN_UNUSED_FUNCTION = YES;
				GCC_WARN_UNUSED_VARIABLE = YES;
				IPHONEOS_DEPLOYMENT_TARGET = 17.5;
				LOCALIZATION_PREFERS_STRING_CATALOGS = YES;
				MTL_ENABLE_DEBUG_INFO = NO;
				MTL_FAST_MATH = YES;
				SDKROOT = iphoneos;
				SWIFT_COMPILATION_MODE = wholemodule;
				VALIDATE_PRODUCT = YES;
			};
			name = Release;
		};
		F685F2C02D066DDD00090EBF /* Debug */ = {
			isa = XCBuildConfiguration;
			buildSettings = {
				ASSETCATALOG_COMPILER_APPICON_NAME = AppIcon;
				ASSETCATALOG_COMPILER_GLOBAL_ACCENT_COLOR_NAME = AccentColor;
				CODE_SIGN_STYLE = Automatic;
				CURRENT_PROJECT_VERSION = 1;
				DEVELOPMENT_ASSET_PATHS = "\"Kultura/Resources/Assets/Preview Content\"";
				DEVELOPMENT_TEAM = FJ7F33948Q;
				ENABLE_PREVIEWS = YES;
				GENERATE_INFOPLIST_FILE = YES;
				INFOPLIST_FILE = Kultura/Info.plist;
				INFOPLIST_KEY_UIApplicationSceneManifest_Generation = YES;
				INFOPLIST_KEY_UIApplicationSupportsIndirectInputEvents = YES;
				INFOPLIST_KEY_UILaunchScreen_Generation = YES;
				INFOPLIST_KEY_UISupportedInterfaceOrientations_iPad = "UIInterfaceOrientationPortrait UIInterfaceOrientationPortraitUpsideDown UIInterfaceOrientationLandscapeLeft UIInterfaceOrientationLandscapeRight";
				INFOPLIST_KEY_UISupportedInterfaceOrientations_iPhone = "UIInterfaceOrientationPortrait UIInterfaceOrientationLandscapeLeft UIInterfaceOrientationLandscapeRight";
				LD_RUNPATH_SEARCH_PATHS = (
					"$(inherited)",
					"@executable_path/Frameworks",
				);
				MARKETING_VERSION = 1.0;
				PRODUCT_BUNDLE_IDENTIFIER = com.turalbabayev.Kultura;
				PRODUCT_NAME = "$(TARGET_NAME)";
				SWIFT_EMIT_LOC_STRINGS = YES;
				SWIFT_VERSION = 5.0;
				TARGETED_DEVICE_FAMILY = "1,2";
			};
			name = Debug;
		};
		F685F2C12D066DDD00090EBF /* Release */ = {
			isa = XCBuildConfiguration;
			buildSettings = {
				ASSETCATALOG_COMPILER_APPICON_NAME = AppIcon;
				ASSETCATALOG_COMPILER_GLOBAL_ACCENT_COLOR_NAME = AccentColor;
				CODE_SIGN_STYLE = Automatic;
				CURRENT_PROJECT_VERSION = 1;
				DEVELOPMENT_ASSET_PATHS = "\"Kultura/Resources/Assets/Preview Content\"";
				DEVELOPMENT_TEAM = FJ7F33948Q;
				ENABLE_PREVIEWS = YES;
				GENERATE_INFOPLIST_FILE = YES;
				INFOPLIST_FILE = Kultura/Info.plist;
				INFOPLIST_KEY_UIApplicationSceneManifest_Generation = YES;
				INFOPLIST_KEY_UIApplicationSupportsIndirectInputEvents = YES;
				INFOPLIST_KEY_UILaunchScreen_Generation = YES;
				INFOPLIST_KEY_UISupportedInterfaceOrientations_iPad = "UIInterfaceOrientationPortrait UIInterfaceOrientationPortraitUpsideDown UIInterfaceOrientationLandscapeLeft UIInterfaceOrientationLandscapeRight";
				INFOPLIST_KEY_UISupportedInterfaceOrientations_iPhone = "UIInterfaceOrientationPortrait UIInterfaceOrientationLandscapeLeft UIInterfaceOrientationLandscapeRight";
				LD_RUNPATH_SEARCH_PATHS = (
					"$(inherited)",
					"@executable_path/Frameworks",
				);
				MARKETING_VERSION = 1.0;
				PRODUCT_BUNDLE_IDENTIFIER = com.turalbabayev.Kultura;
				PRODUCT_NAME = "$(TARGET_NAME)";
				SWIFT_EMIT_LOC_STRINGS = YES;
				SWIFT_VERSION = 5.0;
				TARGETED_DEVICE_FAMILY = "1,2";
			};
			name = Release;
		};
		F685F2C32D066DDD00090EBF /* Debug */ = {
			isa = XCBuildConfiguration;
			buildSettings = {
				ALWAYS_EMBED_SWIFT_STANDARD_LIBRARIES = YES;
				BUNDLE_LOADER = "$(TEST_HOST)";
				CODE_SIGN_STYLE = Automatic;
				CURRENT_PROJECT_VERSION = 1;
				DEVELOPMENT_TEAM = FJ7F33948Q;
				GENERATE_INFOPLIST_FILE = YES;
				IPHONEOS_DEPLOYMENT_TARGET = 17.5;
				MARKETING_VERSION = 1.0;
				PRODUCT_BUNDLE_IDENTIFIER = com.turalbabayev.KulturaTests;
				PRODUCT_NAME = "$(TARGET_NAME)";
				SWIFT_EMIT_LOC_STRINGS = NO;
				SWIFT_VERSION = 5.0;
				TARGETED_DEVICE_FAMILY = "1,2";
				TEST_HOST = "$(BUILT_PRODUCTS_DIR)/Kultura.app/$(BUNDLE_EXECUTABLE_FOLDER_PATH)/Kultura";
			};
			name = Debug;
		};
		F685F2C42D066DDD00090EBF /* Release */ = {
			isa = XCBuildConfiguration;
			buildSettings = {
				ALWAYS_EMBED_SWIFT_STANDARD_LIBRARIES = YES;
				BUNDLE_LOADER = "$(TEST_HOST)";
				CODE_SIGN_STYLE = Automatic;
				CURRENT_PROJECT_VERSION = 1;
				DEVELOPMENT_TEAM = FJ7F33948Q;
				GENERATE_INFOPLIST_FILE = YES;
				IPHONEOS_DEPLOYMENT_TARGET = 17.5;
				MARKETING_VERSION = 1.0;
				PRODUCT_BUNDLE_IDENTIFIER = com.turalbabayev.KulturaTests;
				PRODUCT_NAME = "$(TARGET_NAME)";
				SWIFT_EMIT_LOC_STRINGS = NO;
				SWIFT_VERSION = 5.0;
				TARGETED_DEVICE_FAMILY = "1,2";
				TEST_HOST = "$(BUILT_PRODUCTS_DIR)/Kultura.app/$(BUNDLE_EXECUTABLE_FOLDER_PATH)/Kultura";
			};
			name = Release;
		};
		F685F2C62D066DDD00090EBF /* Debug */ = {
			isa = XCBuildConfiguration;
			buildSettings = {
				ALWAYS_EMBED_SWIFT_STANDARD_LIBRARIES = YES;
				CODE_SIGN_STYLE = Automatic;
				CURRENT_PROJECT_VERSION = 1;
				DEVELOPMENT_TEAM = FJ7F33948Q;
				GENERATE_INFOPLIST_FILE = YES;
				MARKETING_VERSION = 1.0;
				PRODUCT_BUNDLE_IDENTIFIER = com.turalbabayev.KulturaUITests;
				PRODUCT_NAME = "$(TARGET_NAME)";
				SWIFT_EMIT_LOC_STRINGS = NO;
				SWIFT_VERSION = 5.0;
				TARGETED_DEVICE_FAMILY = "1,2";
				TEST_TARGET_NAME = Kultura;
			};
			name = Debug;
		};
		F685F2C72D066DDD00090EBF /* Release */ = {
			isa = XCBuildConfiguration;
			buildSettings = {
				ALWAYS_EMBED_SWIFT_STANDARD_LIBRARIES = YES;
				CODE_SIGN_STYLE = Automatic;
				CURRENT_PROJECT_VERSION = 1;
				DEVELOPMENT_TEAM = FJ7F33948Q;
				GENERATE_INFOPLIST_FILE = YES;
				MARKETING_VERSION = 1.0;
				PRODUCT_BUNDLE_IDENTIFIER = com.turalbabayev.KulturaUITests;
				PRODUCT_NAME = "$(TARGET_NAME)";
				SWIFT_EMIT_LOC_STRINGS = NO;
				SWIFT_VERSION = 5.0;
				TARGETED_DEVICE_FAMILY = "1,2";
				TEST_TARGET_NAME = Kultura;
			};
			name = Release;
		};
/* End XCBuildConfiguration section */

/* Begin XCConfigurationList section */
		F685F2962D066DDB00090EBF /* Build configuration list for PBXProject "Kultura" */ = {
			isa = XCConfigurationList;
			buildConfigurations = (
				F685F2BD2D066DDD00090EBF /* Debug */,
				F685F2BE2D066DDD00090EBF /* Release */,
			);
			defaultConfigurationIsVisible = 0;
			defaultConfigurationName = Release;
		};
		F685F2BF2D066DDD00090EBF /* Build configuration list for PBXNativeTarget "Kultura" */ = {
			isa = XCConfigurationList;
			buildConfigurations = (
				F685F2C02D066DDD00090EBF /* Debug */,
				F685F2C12D066DDD00090EBF /* Release */,
			);
			defaultConfigurationIsVisible = 0;
			defaultConfigurationName = Release;
		};
		F685F2C22D066DDD00090EBF /* Build configuration list for PBXNativeTarget "KulturaTests" */ = {
			isa = XCConfigurationList;
			buildConfigurations = (
				F685F2C32D066DDD00090EBF /* Debug */,
				F685F2C42D066DDD00090EBF /* Release */,
			);
			defaultConfigurationIsVisible = 0;
			defaultConfigurationName = Release;
		};
		F685F2C52D066DDD00090EBF /* Build configuration list for PBXNativeTarget "KulturaUITests" */ = {
			isa = XCConfigurationList;
			buildConfigurations = (
				F685F2C62D066DDD00090EBF /* Debug */,
				F685F2C72D066DDD00090EBF /* Release */,
			);
			defaultConfigurationIsVisible = 0;
			defaultConfigurationName = Release;
		};
/* End XCConfigurationList section */
	};
	rootObject = F685F2932D066DDB00090EBF /* Project object */;
}
